// !$*UTF8*$!
{
	archiveVersion = 1;
	classes = {
	};
	objectVersion = 50;
	objects = {

/* Begin PBXBuildFile section */
		FF8E66522374469B00E7E81A /* AppDelegate.swift in Sources */ = {isa = PBXBuildFile; fileRef = FF8E66512374469B00E7E81A /* AppDelegate.swift */; };
		FF8E66542374469B00E7E81A /* SceneDelegate.swift in Sources */ = {isa = PBXBuildFile; fileRef = FF8E66532374469B00E7E81A /* SceneDelegate.swift */; };
		FF8E66562374469B00E7E81A /* ViewController.swift in Sources */ = {isa = PBXBuildFile; fileRef = FF8E66552374469B00E7E81A /* ViewController.swift */; };
		FF8E66592374469B00E7E81A /* Main.storyboard in Resources */ = {isa = PBXBuildFile; fileRef = FF8E66572374469B00E7E81A /* Main.storyboard */; };
		FF8E665B2374469C00E7E81A /* Assets.xcassets in Resources */ = {isa = PBXBuildFile; fileRef = FF8E665A2374469C00E7E81A /* Assets.xcassets */; };
		FF8E665E2374469C00E7E81A /* LaunchScreen.storyboard in Resources */ = {isa = PBXBuildFile; fileRef = FF8E665C2374469C00E7E81A /* LaunchScreen.storyboard */; };
/* End PBXBuildFile section */

/* Begin PBXFileReference section */
		2F1BFD75237F1BEB00F755C3 /* Assin.playground */ = {isa = PBXFileReference; lastKnownFileType = file.playground; path = Assin.playground; sourceTree = "<group>"; xcLanguageSpecificationIdentifier = xcode.lang.swift; };
		FF8E664E2374469B00E7E81A /* ProgrammersAlgorthm.app */ = {isa = PBXFileReference; explicitFileType = wrapper.application; includeInIndex = 0; path = ProgrammersAlgorthm.app; sourceTree = BUILT_PRODUCTS_DIR; };
		FF8E66512374469B00E7E81A /* AppDelegate.swift */ = {isa = PBXFileReference; lastKnownFileType = sourcecode.swift; path = AppDelegate.swift; sourceTree = "<group>"; };
		FF8E66532374469B00E7E81A /* SceneDelegate.swift */ = {isa = PBXFileReference; lastKnownFileType = sourcecode.swift; path = SceneDelegate.swift; sourceTree = "<group>"; };
		FF8E66552374469B00E7E81A /* ViewController.swift */ = {isa = PBXFileReference; lastKnownFileType = sourcecode.swift; path = ViewController.swift; sourceTree = "<group>"; };
		FF8E66582374469B00E7E81A /* Base */ = {isa = PBXFileReference; lastKnownFileType = file.storyboard; name = Base; path = Base.lproj/Main.storyboard; sourceTree = "<group>"; };
		FF8E665A2374469C00E7E81A /* Assets.xcassets */ = {isa = PBXFileReference; lastKnownFileType = folder.assetcatalog; path = Assets.xcassets; sourceTree = "<group>"; };
		FF8E665D2374469C00E7E81A /* Base */ = {isa = PBXFileReference; lastKnownFileType = file.storyboard; name = Base; path = Base.lproj/LaunchScreen.storyboard; sourceTree = "<group>"; };
		FF8E665F2374469C00E7E81A /* Info.plist */ = {isa = PBXFileReference; lastKnownFileType = text.plist.xml; path = Info.plist; sourceTree = "<group>"; };
		FF8E6665237446F700E7E81A /* Rhyno.playground */ = {isa = PBXFileReference; lastKnownFileType = file.playground; path = Rhyno.playground; sourceTree = "<group>"; xcLanguageSpecificationIdentifier = xcode.lang.swift; };
/* End PBXFileReference section */

/* Begin PBXFrameworksBuildPhase section */
		FF8E664B2374469B00E7E81A /* Frameworks */ = {
			isa = PBXFrameworksBuildPhase;
			buildActionMask = 2147483647;
			files = (
			);
			runOnlyForDeploymentPostprocessing = 0;
		};
/* End PBXFrameworksBuildPhase section */

/* Begin PBXGroup section */
		FF8E66452374469B00E7E81A = {
			isa = PBXGroup;
			children = (
				2F1BFD75237F1BEB00F755C3 /* Assin.playground */,
				FF8E6665237446F700E7E81A /* Rhyno.playground */,
				FF8E66502374469B00E7E81A /* ProgrammersAlgorthm */,
				FF8E664F2374469B00E7E81A /* Products */,
			);
			sourceTree = "<group>";
		};
		FF8E664F2374469B00E7E81A /* Products */ = {
			isa = PBXGroup;
			children = (
				FF8E664E2374469B00E7E81A /* ProgrammersAlgorthm.app */,
			);
			name = Products;
			sourceTree = "<group>";
		};
		FF8E66502374469B00E7E81A /* ProgrammersAlgorthm */ = {
			isa = PBXGroup;
			children = (
				FF8E66512374469B00E7E81A /* AppDelegate.swift */,
				FF8E66532374469B00E7E81A /* SceneDelegate.swift */,
				FF8E66552374469B00E7E81A /* ViewController.swift */,
				FF8E66572374469B00E7E81A /* Main.storyboard */,
				FF8E665A2374469C00E7E81A /* Assets.xcassets */,
				FF8E665C2374469C00E7E81A /* LaunchScreen.storyboard */,
				FF8E665F2374469C00E7E81A /* Info.plist */,
			);
			path = ProgrammersAlgorthm;
			sourceTree = "<group>";
		};
/* End PBXGroup section */

/* Begin PBXNativeTarget section */
		FF8E664D2374469B00E7E81A /* ProgrammersAlgorthm */ = {
			isa = PBXNativeTarget;
			buildConfigurationList = FF8E66622374469C00E7E81A /* Build configuration list for PBXNativeTarget "ProgrammersAlgorthm" */;
			buildPhases = (
				FF8E664A2374469B00E7E81A /* Sources */,
				FF8E664B2374469B00E7E81A /* Frameworks */,
				FF8E664C2374469B00E7E81A /* Resources */,
			);
			buildRules = (
			);
			dependencies = (
			);
			name = ProgrammersAlgorthm;
			productName = ProgrammersAlgorthm;
			productReference = FF8E664E2374469B00E7E81A /* ProgrammersAlgorthm.app */;
			productType = "com.apple.product-type.application";
		};
/* End PBXNativeTarget section */

/* Begin PBXProject section */
		FF8E66462374469B00E7E81A /* Project object */ = {
			isa = PBXProject;
			attributes = {
				LastSwiftUpdateCheck = 1120;
				LastUpgradeCheck = 1120;
				ORGANIZATIONNAME = "조수환";
				TargetAttributes = {
					FF8E664D2374469B00E7E81A = {
						CreatedOnToolsVersion = 11.2;
					};
				};
			};
			buildConfigurationList = FF8E66492374469B00E7E81A /* Build configuration list for PBXProject "ProgrammersAlgorthm" */;
			compatibilityVersion = "Xcode 9.3";
			developmentRegion = en;
			hasScannedForEncodings = 0;
			knownRegions = (
				en,
				Base,
			);
			mainGroup = FF8E66452374469B00E7E81A;
			productRefGroup = FF8E664F2374469B00E7E81A /* Products */;
			projectDirPath = "";
			projectRoot = "";
			targets = (
				FF8E664D2374469B00E7E81A /* ProgrammersAlgorthm */,
			);
		};
/* End PBXProject section */

/* Begin PBXResourcesBuildPhase section */
		FF8E664C2374469B00E7E81A /* Resources */ = {
			isa = PBXResourcesBuildPhase;
			buildActionMask = 2147483647;
			files = (
				FF8E665E2374469C00E7E81A /* LaunchScreen.storyboard in Resources */,
				FF8E665B2374469C00E7E81A /* Assets.xcassets in Resources */,
				FF8E66592374469B00E7E81A /* Main.storyboard in Resources */,
			);
			runOnlyForDeploymentPostprocessing = 0;
		};
/* End PBXResourcesBuildPhase section */

/* Begin PBXSourcesBuildPhase section */
		FF8E664A2374469B00E7E81A /* Sources */ = {
			isa = PBXSourcesBuildPhase;
			buildActionMask = 2147483647;
			files = (
				FF8E66562374469B00E7E81A /* ViewController.swift in Sources */,
				FF8E66522374469B00E7E81A /* AppDelegate.swift in Sources */,
				FF8E66542374469B00E7E81A /* SceneDelegate.swift in Sources */,
			);
			runOnlyForDeploymentPostprocessing = 0;
		};
/* End PBXSourcesBuildPhase section */

/* Begin PBXVariantGroup section */
		FF8E66572374469B00E7E81A /* Main.storyboard */ = {
			isa = PBXVariantGroup;
			children = (
				FF8E66582374469B00E7E81A /* Base */,
			);
			name = Main.storyboard;
			sourceTree = "<group>";
		};
		FF8E665C2374469C00E7E81A /* LaunchScreen.storyboard */ = {
			isa = PBXVariantGroup;
			children = (
				FF8E665D2374469C00E7E81A /* Base */,
			);
			name = LaunchScreen.storyboard;
			sourceTree = "<group>";
		};
/* End PBXVariantGroup section */

/* Begin XCBuildConfiguration section */
		FF8E66602374469C00E7E81A /* Debug */ = {
			isa = XCBuildConfiguration;
			buildSettings = {
				ALWAYS_SEARCH_USER_PATHS = NO;
				CLANG_ANALYZER_NONNULL = YES;
				CLANG_ANALYZER_NUMBER_OBJECT_CONVERSION = YES_AGGRESSIVE;
				CLANG_CXX_LANGUAGE_STANDARD = "gnu++14";
				CLANG_CXX_LIBRARY = "libc++";
				CLANG_ENABLE_MODULES = YES;
				CLANG_ENABLE_OBJC_ARC = YES;
				CLANG_ENABLE_OBJC_WEAK = YES;
				CLANG_WARN_BLOCK_CAPTURE_AUTORELEASING = YES;
				CLANG_WARN_BOOL_CONVERSION = YES;
				CLANG_WARN_COMMA = YES;
				CLANG_WARN_CONSTANT_CONVERSION = YES;
				CLANG_WARN_DEPRECATED_OBJC_IMPLEMENTATIONS = YES;
				CLANG_WARN_DIRECT_OBJC_ISA_USAGE = YES_ERROR;
				CLANG_WARN_DOCUMENTATION_COMMENTS = YES;
				CLANG_WARN_EMPTY_BODY = YES;
				CLANG_WARN_ENUM_CONVERSION = YES;
				CLANG_WARN_INFINITE_RECURSION = YES;
				CLANG_WARN_INT_CONVERSION = YES;
				CLANG_WARN_NON_LITERAL_NULL_CONVERSION = YES;
				CLANG_WARN_OBJC_IMPLICIT_RETAIN_SELF = YES;
				CLANG_WARN_OBJC_LITERAL_CONVERSION = YES;
				CLANG_WARN_OBJC_ROOT_CLASS = YES_ERROR;
				CLANG_WARN_RANGE_LOOP_ANALYSIS = YES;
				CLANG_WARN_STRICT_PROTOTYPES = YES;
				CLANG_WARN_SUSPICIOUS_MOVE = YES;
				CLANG_WARN_UNGUARDED_AVAILABILITY = YES_AGGRESSIVE;
				CLANG_WARN_UNREACHABLE_CODE = YES;
				CLANG_WARN__DUPLICATE_METHOD_MATCH = YES;
				COPY_PHASE_STRIP = NO;
				DEBUG_INFORMATION_FORMAT = dwarf;
				ENABLE_STRICT_OBJC_MSGSEND = YES;
				ENABLE_TESTABILITY = YES;
				GCC_C_LANGUAGE_STANDARD = gnu11;
				GCC_DYNAMIC_NO_PIC = NO;
				GCC_NO_COMMON_BLOCKS = YES;
				GCC_OPTIMIZATION_LEVEL = 0;
				GCC_PREPROCESSOR_DEFINITIONS = (
					"DEBUG=1",
					"$(inherited)",
				);
				GCC_WARN_64_TO_32_BIT_CONVERSION = YES;
				GCC_WARN_ABOUT_RETURN_TYPE = YES_ERROR;
				GCC_WARN_UNDECLARED_SELECTOR = YES;
				GCC_WARN_UNINITIALIZED_AUTOS = YES_AGGRESSIVE;
				GCC_WARN_UNUSED_FUNCTION = YES;
				GCC_WARN_UNUSED_VARIABLE = YES;
				IPHONEOS_DEPLOYMENT_TARGET = 13.2;
				MTL_ENABLE_DEBUG_INFO = INCLUDE_SOURCE;
				MTL_FAST_MATH = YES;
				ONLY_ACTIVE_ARCH = YES;
				SDKROOT = iphoneos;
				SWIFT_ACTIVE_COMPILATION_CONDITIONS = DEBUG;
				SWIFT_OPTIMIZATION_LEVEL = "-Onone";
			};
			name = Debug;
		};
		FF8E66612374469C00E7E81A /* Release */ = {
			isa = XCBuildConfiguration;
			buildSettings = {
				ALWAYS_SEARCH_USER_PATHS = NO;
				CLANG_ANALYZER_NONNULL = YES;
				CLANG_ANALYZER_NUMBER_OBJECT_CONVERSION = YES_AGGRESSIVE;
				CLANG_CXX_LANGUAGE_STANDARD = "gnu++14";
				CLANG_CXX_LIBRARY = "libc++";
				CLANG_ENABLE_MODULES = YES;
				CLANG_ENABLE_OBJC_ARC = YES;
				CLANG_ENABLE_OBJC_WEAK = YES;
				CLANG_WARN_BLOCK_CAPTURE_AUTORELEASING = YES;
				CLANG_WARN_BOOL_CONVERSION = YES;
				CLANG_WARN_COMMA = YES;
				CLANG_WARN_CONSTANT_CONVERSION = YES;
				CLANG_WARN_DEPRECATED_OBJC_IMPLEMENTATIONS = YES;
				CLANG_WARN_DIRECT_OBJC_ISA_USAGE = YES_ERROR;
				CLANG_WARN_DOCUMENTATION_COMMENTS = YES;
				CLANG_WARN_EMPTY_BODY = YES;
				CLANG_WARN_ENUM_CONVERSION = YES;
				CLANG_WARN_INFINITE_RECURSION = YES;
				CLANG_WARN_INT_CONVERSION = YES;
				CLANG_WARN_NON_LITERAL_NULL_CONVERSION = YES;
				CLANG_WARN_OBJC_IMPLICIT_RETAIN_SELF = YES;
				CLANG_WARN_OBJC_LITERAL_CONVERSION = YES;
				CLANG_WARN_OBJC_ROOT_CLASS = YES_ERROR;
				CLANG_WARN_RANGE_LOOP_ANALYSIS = YES;
				CLANG_WARN_STRICT_PROTOTYPES = YES;
				CLANG_WARN_SUSPICIOUS_MOVE = YES;
				CLANG_WARN_UNGUARDED_AVAILABILITY = YES_AGGRESSIVE;
				CLANG_WARN_UNREACHABLE_CODE = YES;
				CLANG_WARN__DUPLICATE_METHOD_MATCH = YES;
				COPY_PHASE_STRIP = NO;
				DEBUG_INFORMATION_FORMAT = "dwarf-with-dsym";
				ENABLE_NS_ASSERTIONS = NO;
				ENABLE_STRICT_OBJC_MSGSEND = YES;
				GCC_C_LANGUAGE_STANDARD = gnu11;
				GCC_NO_COMMON_BLOCKS = YES;
				GCC_WARN_64_TO_32_BIT_CONVERSION = YES;
				GCC_WARN_ABOUT_RETURN_TYPE = YES_ERROR;
				GCC_WARN_UNDECLARED_SELECTOR = YES;
				GCC_WARN_UNINITIALIZED_AUTOS = YES_AGGRESSIVE;
				GCC_WARN_UNUSED_FUNCTION = YES;
				GCC_WARN_UNUSED_VARIABLE = YES;
				IPHONEOS_DEPLOYMENT_TARGET = 13.2;
				MTL_ENABLE_DEBUG_INFO = NO;
				MTL_FAST_MATH = YES;
				SDKROOT = iphoneos;
				SWIFT_COMPILATION_MODE = wholemodule;
				SWIFT_OPTIMIZATION_LEVEL = "-O";
				VALIDATE_PRODUCT = YES;
			};
			name = Release;
		};
		FF8E66632374469C00E7E81A /* Debug */ = {
			isa = XCBuildConfiguration;
			buildSettings = {
				ASSETCATALOG_COMPILER_APPICON_NAME = AppIcon;
				CODE_SIGN_STYLE = Automatic;
				INFOPLIST_FILE = ProgrammersAlgorthm/Info.plist;
				LD_RUNPATH_SEARCH_PATHS = (
					"$(inherited)",
					"@executable_path/Frameworks",
				);
				PRODUCT_BUNDLE_IDENTIFIER = SoohwanCho.ProgrammersAlgorthm;
				PRODUCT_NAME = "$(TARGET_NAME)";
				SWIFT_VERSION = 5.0;
				TARGETED_DEVICE_FAMILY = "1,2";
			};
			name = Debug;
		};
		FF8E66642374469C00E7E81A /* Release */ = {
			isa = XCBuildConfiguration;
			buildSettings = {
				ASSETCATALOG_COMPILER_APPICON_NAME = AppIcon;
				CODE_SIGN_STYLE = Automatic;
				INFOPLIST_FILE = ProgrammersAlgorthm/Info.plist;
				LD_RUNPATH_SEARCH_PATHS = (
					"$(inherited)",
					"@executable_path/Frameworks",
				);
				PRODUCT_BUNDLE_IDENTIFIER = SoohwanCho.ProgrammersAlgorthm;
				PRODUCT_NAME = "$(TARGET_NAME)";
				SWIFT_VERSION = 5.0;
				TARGETED_DEVICE_FAMILY = "1,2";
			};
			name = Release;
		};
/* End XCBuildConfiguration section */

/* Begin XCConfigurationList section */
		FF8E66492374469B00E7E81A /* Build configuration list for PBXProject "ProgrammersAlgorthm" */ = {
			isa = XCConfigurationList;
			buildConfigurations = (
				FF8E66602374469C00E7E81A /* Debug */,
				FF8E66612374469C00E7E81A /* Release */,
			);
			defaultConfigurationIsVisible = 0;
			defaultConfigurationName = Release;
		};
		FF8E66622374469C00E7E81A /* Build configuration list for PBXNativeTarget "ProgrammersAlgorthm" */ = {
			isa = XCConfigurationList;
			buildConfigurations = (
				FF8E66632374469C00E7E81A /* Debug */,
				FF8E66642374469C00E7E81A /* Release */,
			);
			defaultConfigurationIsVisible = 0;
			defaultConfigurationName = Release;
		};
/* End XCConfigurationList section */
	};
	rootObject = FF8E66462374469B00E7E81A /* Project object */;
}
